100 155
201 138
302 132
403 131
504 131
605 129
706 129
807 129
908 129
1009 129
1110 129
1211 129
1312 129
1413 126
1514 126
1615 126
1716 126
1817 126
1918 125
2019 125
2120 125
2221 121
2322 121
2423 117
2524 117
2625 117
2726 117
2827 117
2928 117
3029 117
3130 115
3231 114
3332 114
3433 113
3534 113
3635 105
3736 105
3837 104
3938 103
4039 103
4140 103
4241 103
4342 103
4443 103
4544 101
4645 101
4746 101
4847 101
4948 101
5049 101
5150 101
5251 101
5352 101
5453 101
5554 100
5655 100
5756 98
5857 98
5958 98
6059 98
6160 98
6261 98
6362 98
6463 98
6564 98
6665 98
6766 98
6867 98
6968 98
7069 98
7170 98
7271 98
7372 98
7473 98
7574 98
7675 98
7776 98
7877 98
7978 98
8079 98
8180 98
8281 98
8382 98
8483 98
8584 98
8685 98
8786 98
8887 98
8988 98
9089 98
9190 98
9291 98
9392 98
9493 98
9594 98
9695 96
9796 96
9897 96
9998 96
10099 93
10200 93
10301 93
10402 93
10503 93
10604 93
10705 93
10806 93
10907 93
11008 93
11109 93
11210 93
11311 93
11412 93
11513 93
11614 93
11715 93
11816 93
11917 93
12018 93
12119 93
12220 93
12321 93
12422 93
12523 93
12624 93
12725 93
12826 93
12927 93
13028 93
13129 93
13230 93
13331 93
13432 93
13533 93
13634 93
13735 93
13836 89
13937 89
14038 89
14139 89
14240 89
14341 89
14442 89
14543 88
14644 88
14745 88
14846 88
14947 88
15048 88
15149 88
15250 88
15351 88
15452 88
15553 88
15654 88
15755 88
15856 88
15957 88
16058 88
16159 88
16260 88
16361 88
16462 88
16563 88
16664 87
16765 87
16866 87
16967 87
17068 87
17169 87
17270 87
17371 87
17472 87
17573 87
17674 87
17775 87
17876 87
17977 87
18078 87
18179 87
18280 87
18381 87
18482 87
18583 87
18684 87
18785 87
18886 87
18987 87
19088 87
19189 87
19290 87
19391 87
19492 87
19593 87
19694 87
19795 87
19896 87
19997 87
20098 87
20199 87
20300 87
20401 86
20502 86
20603 86
20704 86
20805 86
20906 86
21007 86
21108 86
21209 86
21310 86
21411 86
21512 86
21613 86
21714 86
21815 86
21916 86
22017 86
22118 86
22219 86
22320 86
22421 86
22522 84
22623 84
22724 84
22825 84
22926 84
23027 84
23128 84
23229 84
23330 84
23431 84
23532 84
23633 84
23734 84
23835 84
23936 84
24037 84
24138 84
24239 84
24340 84
24441 84
24542 84
24643 84
24744 84
24845 84
24946 84
25047 84
25148 84
25249 84
25350 84
25451 84
25552 84
25653 84
25754 84
25855 84
25956 84
26057 84
26158 84
26259 84
26360 84
26461 84
26562 84
26663 84
26764 84
26865 84
26966 84
27067 84
27168 84
27269 84
27370 84
27471 84
27572 84
27673 84
27774 84
27875 84
27976 84
28077 84
28178 84
28279 84
28380 84
28481 84
28582 84
28683 84
28784 84
28885 84
28986 84
29087 84
29188 84
29289 84
29390 84
29491 84
29592 84
29693 84
29794 84
29895 84
29996 84
30097 84
30198 84
30299 84
30400 84
30501 84
30602 84
30703 84
30804 84
30905 84
31006 84
31107 84
31208 84
31309 84
31410 84
31511 84
31612 84
31713 84
31814 84
31915 84
32016 84
32117 84
32218 84
32319 84
32420 84
32521 84
32622 84
32723 84
32824 84
32925 84
33026 84
33127 84
33228 84
33329 84
33430 84
33531 84
33632 84
33733 84
33834 84
33935 84
34036 84
34137 84
34238 84
34339 84
34440 84
34541 84
34642 84
34743 84
34844 84
34945 83
35046 83
35147 83
35248 83
35349 83
35450 83
35551 83
35652 83
35753 83
35854 83
35955 83
36056 83
36157 83
36258 83
36359 83
36460 83
36561 83
36662 83
36763 83
36864 83
36965 83
37066 83
37167 83
37268 83
37369 83
37470 83
37571 83
37672 83
37773 83
37874 83
37975 83
38076 83
38177 83
38278 83
38379 83
38480 83
38581 83
38682 83
38783 83
38884 83
38985 83
39086 83
39187 83
39288 83
39389 83
39490 83
39591 83
39692 83
39793 83
39894 83
39995 83
40096 82
40197 82
40298 82
40399 82
40500 82
40601 82
40702 82
40803 82
40904 82
41005 82
41106 82
41207 82
41308 82
41409 82
41510 82
41611 82
41712 82
41813 82
41914 82
42015 82
42116 82
42217 82
42318 82
42419 82
42520 82
42621 82
42722 82
42823 82
42924 82
43025 82
43126 82
43227 82
43328 82
43429 82
43530 82
43631 82
43732 82
43833 82
43934 82
44035 82
44136 82
44237 82
44338 82
44439 82
44540 82
44641 82
44742 82
44843 82
44944 82
45045 82
45146 82
45247 82
45348 82
45449 82
45550 82
45651 82
45752 82
45853 82
45954 82
46055 82
46156 82
46257 82
46358 82
46459 82
46560 82
46661 82
46762 82
46863 82
46964 82
47065 82
47166 82
47267 82
47368 82
47469 82
47570 82
47671 82
47772 82
47873 82
47974 82
48075 82
48176 82
48277 82
48378 82
48479 82
48580 82
48681 82
48782 82
48883 82
48984 82
49085 82
49186 82
49287 82
49388 82
49489 82
49590 82
49691 82
49792 82
49893 82
49994 82
50095 82
50196 82
50297 82
50398 82
50499 82
50600 82
50701 82
50802 82
50903 82
51004 82
51105 82
51206 82
51307 82
51408 82
51509 82
51610 82
51711 82
51812 82
51913 82
52014 82
52115 82
52216 82
52317 82
52418 82
52519 82
52620 82
52721 82
52822 82
52923 82
53024 82
53125 82
53226 82
53327 82
53428 82
53529 82
53630 82
53731 82
53832 82
53933 82
54034 82
54135 82
54236 82
54337 82
54438 82
54539 82
54640 82
54741 82
54842 82
54943 82
55044 82
55145 82
55246 82
55347 82
55448 82
55549 82
55650 82
55751 82
55852 82
55953 82
56054 82
56155 82
56256 82
56357 82
56458 82
56559 82
56660 82
56761 82
56862 82
56963 82
57064 82
57165 82
57266 82
57367 82
57468 82
57569 80
57670 80
57771 80
57872 80
57973 80
58074 80
58175 80
58276 80
58377 80
58478 80
58579 80
58680 80
58781 80
58882 80
58983 80
59084 80
59185 80
59286 80
59387 80
59488 80
59589 80
59690 80
59791 80
59892 80
59993 80
60094 80
60195 80
60296 80
60397 80
60498 80
60599 80
60700 80
60801 80
60902 80
61003 80
61104 80
61205 80
61306 80
61407 80
61508 80
61609 80
61710 80
61811 80
61912 80
62013 80
62114 80
62215 80
62316 80
62417 79
62518 79
62619 79
62720 79
62821 77
62922 77
63023 77
63124 77
63225 77
63326 77
63427 77
63528 77
63629 77
63730 77
63831 77
63932 77
64033 77
64134 77
64235 77
64336 77
64437 77
64538 77
64639 77
64740 77
64841 77
64942 77
65043 77
65144 77
65245 77
65346 77
65447 77
65548 77
65649 77
65750 77
65851 77
65952 77
66053 77
66154 77
66255 77
66356 77
66457 77
66558 77
66659 77
66760 77
66861 77
66962 77
67063 77
67164 77
67265 77
67366 77
67467 77
67568 77
67669 77
67770 77
67871 77
67972 77
68073 77
68174 77
68275 77
68376 77
68477 77
68578 77
68679 77
68780 77
68881 77
68982 77
69083 77
69184 76
69285 76
69386 76
69487 76
69588 76
69689 76
69790 76
69891 76
69992 76
70093 76
70194 76
70295 76
70396 76
70497 76
70598 76
70699 76
70800 76
70901 76
71002 76
71103 76
71204 76
71305 76
71406 76
71507 76
71608 76
71709 76
71810 76
71911 76
72012 76
72113 76
72214 76
72315 76
72416 76
72517 76
72618 76
72719 76
72820 76
72921 76
73022 76
73123 76
73224 76
73325 76
73426 76
73527 76
73628 76
73729 76
73830 76
73931 76
74032 76
74133 76
74234 76
74335 76
74436 76
74537 76
74638 76
74739 76
74840 76
74941 76
75042 76
75143 76
75244 76
75345 76
75446 76
75547 76
75648 76
75749 76
75850 76
75951 76
76052 76
76153 76
76254 76
76355 76
76456 76
76557 76
76658 76
76759 76
76860 76
76961 76
77062 76
77163 76
77264 75
77365 75
77466 75
77567 75
77668 75
77769 75
77870 75
77971 75
78072 75
78173 75
78274 75
78375 75
78476 75
78577 75
78678 75
78779 75
78880 75
78981 75
79082 75
79183 75
79284 75
79385 71
79486 71
79587 71
79688 71
79789 71
79890 71
79991 71
80092 71
80193 71
80294 71
80395 71
80496 71
80597 71
80698 71
80799 71
80900 71
81001 71
81102 71
81203 71
81304 71
81405 71
81506 71
81607 71
81708 71
81809 71
81910 71
82011 71
82112 71
82213 71
82314 70
82415 70
82516 70
82617 70
82718 70
82819 70
82920 70
83021 70
83122 70
83223 69
83324 69
83425 69
83526 69
83627 69
83728 69
83829 69
83930 69
84031 69
84132 69
84233 69
84334 69
84435 69
84536 69
84637 69
84738 69
84839 69
84940 69
85041 69
85142 69
85243 69
85344 69
85445 69
85546 69
85647 69
85748 69
85849 69
85950 69
86051 69
86152 69
86253 69
86354 69
86455 69
86556 69
86657 69
86758 69
86859 69
86960 69
87061 69
87162 69
87263 69
87364 69
87465 69
87566 69
87667 69
87768 69
87869 69
87970 69
88071 69
88172 69
88273 69
88374 69
88475 69
88576 69
88677 69
88778 69
88879 69
88980 69
89081 69
89182 69
89283 69
89384 69
89485 69
89586 69
89687 69
89788 69
89889 69
89990 69
90091 69
90192 69
90293 69
90394 69
90495 69
90596 69
90697 69
90798 69
90899 69
91000 69
91101 69
91202 69
91303 69
91404 69
91505 69
91606 69
91707 69
91808 69
91909 69
92010 69
92111 69
92212 69
92313 69
92414 69
92515 69
92616 69
92717 69
92818 69
92919 69
93020 69
93121 69
93222 69
93323 69
93424 69
93525 69
93626 69
93727 69
93828 69
93929 69
94030 69
94131 69
94232 69
94333 69
94434 69
94535 69
94636 69
94737 69
94838 69
94939 69
95040 69
95141 69
95242 69
95343 69
95444 69
95545 69
95646 69
95747 69
95848 69
95949 69
96050 69
96151 69
96252 69
96353 69
96454 69
96555 69
96656 69
96757 69
96858 69
96959 68
97060 68
97161 68
97262 68
97363 68
97464 68
97565 68
97666 68
97767 68
97868 68
97969 68
98070 68
98171 68
98272 68
98373 68
98474 68
98575 68
98676 68
98777 68
98878 68
98979 68
99080 68
99181 68
99282 68
99383 68
99484 68
99585 68
99686 68
99787 68
99888 68
99989 68
100090 68
100191 68
100292 68
100393 68
100494 68
100595 68
100696 68
100797 68
100898 68
100999 68
101100 68
101201 68
101302 68
101403 68
101504 68
101605 68
101706 68
101807 68
101908 68
102009 68
102110 68
102211 68
102312 68
102413 68
102514 68
102615 68
102716 68
102817 68
102918 68
103019 68
103120 68
103221 68
103322 68
103423 68
103524 68
103625 68
103726 68
103827 68
103928 68
104029 68
104130 68
104231 68
104332 68
104433 68
104534 68
104635 68
104736 68
104837 68
104938 68
105039 68
105140 68
105241 68
105342 68
105443 68
105544 68
105645 68
105746 68
105847 68
105948 68
106049 68
106150 68
106251 68
106352 68
106453 68
106554 68
106655 68
106756 68
106857 68
106958 68
107059 68
107160 68
107261 68
107362 68
107463 68
107564 68
107665 68
107766 68
107867 68
107968 68
108069 68
108170 68
108271 68
108372 68
108473 68
108574 68
108675 68
108776 68
108877 67
108978 67
109079 67
109180 67
109281 67
109382 67
109483 67
109584 67
109685 67
109786 67
109887 67
109988 67
110089 67
110190 67
110291 67
110392 67
110493 67
110594 67
110695 67
110796 67
110897 67
110998 67
111099 67
111200 67
111301 67
111402 67
111503 67
111604 67
111705 67
111806 67
111907 67
112008 67
112109 67
112210 67
112311 67
112412 67
112513 67
112614 67
112715 67
112816 67
112917 67
113018 67
113119 67
113220 67
113321 67
113422 67
113523 67
113624 67
113725 67
113826 67
113927 67
114028 67
114129 67
114230 67
114331 67
114432 67
114533 67
114634 67
114735 67
114836 67
114937 67
115038 67
115139 67
115240 67
115341 67
115442 67
115543 67
115644 67
115745 67
115846 67
115947 67
116048 67
116149 67
116250 67
116351 67
116452 67
116553 67
116654 67
116755 67
116856 67
116957 67
117058 67
117159 67
117260 67
117361 67
117462 67
117563 67
117664 67
117765 67
117866 67
117967 67
118068 67
118169 67
118270 67
118371 67
118472 67
118573 67
118674 67
118775 67
118876 67
118977 67
119078 67
119179 67
119280 67
119381 67
119482 67
119583 67
119684 67
119785 67
119886 67
119987 67
120088 67
120189 67
120290 67
120391 67
120492 67
120593 67
120694 67
120795 67
120896 67
120997 67
121098 67
121199 67
121300 66
121401 66
121502 66
121603 66
121704 66
121805 66
121906 66
122007 66
122108 66
122209 66
122310 66
122411 66
122512 66
122613 66
122714 66
122815 66
122916 66
123017 66
123118 66
123219 66
123320 66
123421 66
123522 66
123623 66
123724 66
123825 66
123926 66
124027 66
124128 66
124229 66
124330 66
124431 66
124532 66
124633 66
124734 66
124835 66
124936 66
125037 66
125138 66
125239 66
125340 66
125441 66
125542 66
125643 66
125744 66
125845 66
125946 66
126047 66
126148 66
126249 66
126350 66
126451 66
126552 66
126653 66
126754 66
126855 66
126956 66
127057 66
127158 66
127259 66
127360 66
127461 66
127562 66
127663 66
127764 66
127865 66
127966 66
128067 66
128168 66
128269 66
128370 66
128471 66
128572 66
128673 66
128774 66
128875 66
128976 66
129077 66
129178 66
129279 66
129380 66
129481 66
129582 66
129683 66
129784 66
129885 66
129986 66
130087 66
130188 66
130289 66
130390 66
130491 66
130592 66
130693 66
130794 66
130895 66
130996 66
131097 66
131198 66
131299 66
131400 66
131501 66
131602 66
131703 66
131804 66
131905 66
132006 66
132107 66
132208 66
132309 66
132410 66
132511 66
132612 66
132713 66
132814 66
132915 66
133016 66
133117 66
133218 66
133319 66
133420 66
133521 66
133622 66
133723 66
133824 66
133925 66
134026 66
134127 66
134228 66
134329 66
134430 66
134531 66
134632 66
134733 66
134834 66
134935 66
135036 66
135137 66
135238 66
135339 66
135440 66
135541 66
135642 66
135743 66
135844 66
135945 66
136046 66
136147 66
136248 66
136349 66
136450 66
136551 66
136652 66
136753 66
136854 66
136955 66
137056 66
137157 66
137258 66
137359 66
137460 66
137561 66
137662 66
137763 66
137864 66
137965 66
138066 66
138167 66
138268 66
138369 66
138470 66
138571 66
138672 66
138773 66
138874 66
138975 66
139076 66
139177 66
139278 66
139379 66
139480 66
139581 66
139682 66
139783 66
139884 66
139985 66
140086 66
140187 66
140288 66
140389 66
140490 66
140591 66
140692 66
140793 66
140894 66
140995 66
141096 66
141197 66
141298 66
141399 66
141500 66
141601 66
141702 66
141803 66
141904 66
142005 66
142106 66
142207 66
142308 66
142409 66
142510 66
142611 66
142712 66
142813 66
142914 66
143015 66
143116 66
143217 66
143318 66
143419 66
143520 66
143621 66
143722 66
143823 66
143924 66
144025 66
144126 66
144227 66
144328 66
144429 66
144530 66
144631 66
144732 66
144833 66
144934 66
145035 66
145136 66
145237 66
145338 66
145439 66
145540 66
145641 66
145742 66
145843 66
145944 66
146045 66
146146 66
146247 66
146348 66
146449 66
146550 66
146651 66
146752 66
146853 66
146954 66
147055 66
147156 66
147257 66
147358 66
147459 66
147560 66
147661 66
147762 66
147863 66
147964 66
148065 66
148166 66
148267 66
148368 66
148469 66
148570 66
148671 66
148772 66
148873 66
148974 66
149075 66
149176 66
149277 66
149378 66
149479 66
149580 66
149681 66
149782 66
149883 66
149984 66
150085 66
150186 66
150287 66
150388 66
150489 66
150590 66
150691 66
150792 66
150893 66
150994 66
151095 66
151196 66
151297 66
151398 66
151499 66
151600 66
151701 66
151802 66
151903 66
152004 66
152105 66
152206 66
152307 66
152408 66
152509 66
152610 66
152711 66
152812 66
152913 66
153014 66
153115 66
153216 66
153317 66
153418 66
153519 66
153620 66
153721 66
153822 66
153923 66
154024 66
154125 66
154226 66
154327 66
154428 66
154529 66
154630 66
154731 66
154832 66
154933 66
155034 66
155135 66
155236 66
155337 66
155438 66
155539 66
155640 66
155741 66
155842 66
155943 66
156044 66
156145 66
156246 66
156347 66
156448 66
156549 66
156650 66
156751 66
156852 66
156953 66
157054 66
157155 66
157256 66
157357 66
157458 66
157559 66
157660 66
157761 66
157862 66
157963 66
158064 66
158165 66
158266 66
158367 66
158468 66
158569 66
158670 66
158771 66
158872 66
158973 66
159074 66
159175 66
159276 66
159377 66
159478 66
159579 66
159680 66
159781 66
159882 66
159983 66
160084 66
160185 66
160286 66
160387 66
160488 66
160589 66
160690 66
160791 66
160892 66
160993 66
161094 66
161195 66
161296 66
161397 66
161498 66
161599 66
161700 66
161801 66
161902 66
162003 66
162104 66
162205 66
162306 66
162407 66
162508 66
162609 66
162710 66
162811 66
162912 66
163013 66
163114 66
163215 66
163316 66
163417 66
163518 66
163619 66
163720 66
163821 66
163922 66
164023 66
164124 66
164225 66
164326 66
164427 66
164528 66
164629 66
164730 66
164831 66
164932 66
165033 66
165134 66
165235 66
165336 66
165437 66
165538 66
165639 66
165740 66
165841 66
165942 66
166043 66
166144 66
166245 66
166346 66
166447 66
166548 66
166649 66
166750 66
166851 66
166952 66
167053 66
167154 66
167255 66
167356 66
167457 66
167558 66
167659 66
167760 66
167861 66
167962 66
168063 66
168164 66
168265 66
168366 66
168467 66
168568 66
168669 66
168770 66
168871 66
168972 66
169073 66
169174 66
169275 66
169376 66
169477 66
169578 66
169679 66
169780 66
169881 66
169982 66
170083 66
170184 66
170285 66
170386 66
170487 66
170588 66
170689 66
170790 66
170891 66
170992 66
171093 66
171194 66
171295 66
171396 66
171497 66
171598 66
171699 66
171800 66
171901 66
172002 66
172103 66
172204 66
172305 66
172406 66
172507 66
172608 66
172709 66
172810 66
172911 66
173012 66
173113 66
173214 66
173315 66
173416 66
173517 66
173618 66
173719 66
173820 66
173921 66
174022 66
174123 66
174224 66
174325 66
174426 66
174527 66
174628 66
174729 66
174830 66
174931 66
175032 66
175133 66
175234 66
175335 66
175436 66
175537 66
175638 66
175739 66
175840 66
175941 66
176042 66
176143 66
176244 66
176345 66
176446 66
176547 66
176648 66
176749 66
176850 66
176951 66
177052 66
177153 66
177254 66
177355 66
177456 66
177557 66
177658 66
177759 66
177860 66
177961 66
178062 66
178163 66
178264 66
178365 66
178466 66
178567 66
178668 66
178769 66
178870 66
178971 66
179072 66
179173 66
179274 66
179375 66
179476 66
179577 66
179678 66
179779 66
179880 66
179981 66
180082 66
180183 66
180284 66
180385 66
180486 66
180587 66
180688 66
180789 66
180890 66
180991 66
181092 66
181193 66
181294 66
181395 66
181496 66
181597 66
181698 66
181799 66
181900 66
182001 66
182102 66
182203 66
182304 66
182405 66
182506 66
182607 66
182708 66
182809 66
182910 66
183011 66
183112 66
183213 66
183314 66
183415 66
183516 66
183617 66
183718 66
183819 66
183920 66
184021 66
184122 66
184223 66
184324 66
184425 66
184526 66
184627 66
184728 66
184829 66
184930 66
185031 66
185132 66
185233 66
185334 66
185435 66
185536 66
185637 66
185738 66
185839 66
185940 66
186041 66
186142 66
186243 66
186344 66
186445 66
186546 66
186647 66
186748 66
186849 66
186950 66
187051 66
187152 66
187253 66
187354 66
187455 66
187556 66
187657 66
187758 66
187859 66
187960 66
188061 66
188162 66
188263 66
188364 66
188465 66
188566 66
188667 66
188768 66
188869 66
188970 66
189071 66
189172 66
189273 66
189374 66
189475 66
189576 66
189677 66
189778 66
189879 66
189980 66
190081 66
190182 66
190283 66
190384 66
190485 66
190586 66
190687 66
190788 66
190889 66
190990 66
191091 66
191192 66
191293 66
191394 66
191495 66
191596 66
191697 66
191798 66
191899 66
192000 66
192101 66
192202 66
192303 66
192404 66
192505 66
192606 66
192707 66
192808 66
192909 66
193010 66
193111 66
193212 66
193313 66
193414 66
193515 66
193616 66
193717 66
193818 66
193919 66
194020 66
194121 66
194222 66
194323 66
194424 66
194525 66
194626 66
194727 66
194828 66
194929 66
195030 66
195131 66
195232 66
195333 66
195434 66
195535 66
195636 65
195737 65
195838 65
195939 65
196040 65
196141 65
196242 65
196343 65
196444 65
196545 65
196646 65
196747 65
196848 65
196949 65
197050 65
197151 65
197252 65
197353 65
197454 65
197555 65
197656 65
197757 65
197858 65
197959 65
198060 65
198161 65
198262 65
198363 65
198464 65
198565 65
198666 65
198767 65
198868 65
198969 65
199070 65
199171 65
199272 65
199373 65
199474 65
199575 65
199676 65
199777 65
199878 65
199979 65
200080 65
200181 65
200282 65
200383 65
200484 65
200585 65
200686 65
200787 65
200888 65
200989 65
201090 65
201191 65
201292 65
201393 65
201494 65
201595 65
201696 65
201797 65
201898 65
201999 65
202100 65
202201 65
202302 65
202403 65
202504 65
202605 65
202706 65
202807 65
202908 65
203009 65
203110 65
203211 65
203312 65
203413 65
203514 65
203615 65
203716 65
203817 65
203918 65
204019 65
204120 65
204221 65
204322 65
204423 65
204524 65
204625 65
204726 65
204827 65
204928 65
205029 65
205130 65
205231 65
205332 65
205433 65
205534 65
205635 65
205736 65
205837 65
205938 65
206039 65
206140 65
206241 65
206342 65
206443 65
206544 65
206645 65
206746 65
206847 65
206948 65
207049 65
207150 65
207251 65
207352 65
207453 65
207554 65
207655 65
207756 65
207857 65
207958 65
208059 65
208160 65
208261 65
208362 65
208463 65
208564 65
208665 65
208766 65
208867 65
208968 65
209069 65
209170 65
209271 65
209372 65
209473 65
209574 65
209675 65
209776 65
209877 65
209978 65
210079 65
210180 65
210281 65
210382 65
210483 65
210584 65
210685 65
210786 65
210887 65
210988 65
211089 65
211190 65
211291 65
211392 65
211493 65
211594 65
211695 65
211796 65
211897 65
211998 65
212099 65
212200 65
212301 65
212402 65
212503 65
212604 65
212705 65
212806 65
212907 65
213008 65
213109 65
213210 65
213311 65
213412 65
213513 65
213614 65
213715 65
213816 65
213917 65
214018 65
214119 65
214220 65
214321 65
214422 65
214523 65
214624 65
214725 65
214826 65
214927 65
215028 65
215129 65
215230 65
215331 65
215432 65
215533 65
215634 65
215735 65
215836 65
215937 65
216038 65
216139 65
216240 65
216341 65
216442 65
216543 65
216644 65
216745 65
216846 65
216947 65
217048 65
217149 65
217250 65
217351 65
217452 65
217553 65
217654 65
217755 65
217856 65
217957 65
218058 65
218159 65
218260 65
218361 65
218462 65
218563 65
218664 65
218765 65
218866 65
218967 65
219068 65
219169 65
219270 65
219371 65
219472 65
219573 65
219674 65
219775 65
219876 65
219977 65
220078 65
220179 65
220280 65
220381 65
220482 65
220583 65
220684 65
220785 65
220886 65
220987 65
221088 65
221189 65
221290 65
221391 65
221492 65
221593 65
221694 65
221795 65
221896 65
221997 65
222098 65
222199 65
222300 65
222401 65
222502 65
222603 65
222704 65
222805 65
222906 65
223007 65
223108 65
223209 65
223310 65
223411 65
223512 65
223613 65
223714 65
223815 65
223916 65
224017 65
224118 65
224219 65
224320 65
224421 65
224522 65
224623 65
224724 65
224825 65
224926 65
225027 65
225128 65
225229 65
225330 65
225431 65
225532 65
225633 65
225734 65
225835 65
225936 65
226037 65
226138 65
226239 65
226340 65
226441 65
226542 65
226643 65
226744 65
226845 65
226946 65
227047 65
227148 65
227249 65
227350 65
227451 65
227552 65
227653 65
227754 65
227855 65
227956 65
228057 65
228158 65
228259 65
228360 65
228461 65
228562 65
228663 65
228764 65
228865 65
228966 65
229067 65
229168 65
229269 65
229370 65
229471 65
229572 65
229673 65
229774 65
229875 65
229976 65
230077 65
230178 65
230279 65
230380 65
230481 65
230582 65
230683 65
230784 65
230885 65
230986 65
231087 65
231188 65
231289 65
231390 65
231491 65
231592 65
231693 65
231794 65
231895 65
231996 65
232097 65
232198 65
232299 65
232400 65
232501 65
232602 65
232703 65
232804 65
232905 65
233006 65
233107 65
233208 65
233309 65
233410 65
233511 65
233612 65
233713 65
233814 65
233915 65
234016 65
234117 65
234218 65
234319 65
234420 65
234521 65
234622 65
234723 65
234824 65
234925 65
235026 65
235127 65
235228 65
235329 65
235430 65
235531 65
235632 65
235733 65
235834 65
235935 65
236036 65
236137 65
236238 65
236339 65
236440 65
236541 65
236642 65
236743 65
236844 65
236945 65
237046 65
237147 65
237248 65
237349 65
237450 65
237551 65
237652 65
237753 65
237854 65
237955 65
238056 65
238157 65
238258 65
238359 65
238460 65
238561 65
238662 65
238763 65
238864 65
238965 65
239066 65
239167 65
239268 65
239369 65
239470 65
239571 65
239672 65
239773 65
239874 65
239975 65
240076 65
240177 65
240278 65
240379 65
240480 65
240581 65
240682 65
240783 65
240884 65
240985 65
241086 65
241187 65
241288 65
241389 65
241490 65
241591 65
241692 65
241793 65
241894 65
241995 65
242096 65
242197 65
242298 65
242399 65
242500 65
242601 65
242702 65
242803 65
242904 65
243005 65
243106 65
243207 65
243308 65
243409 65
243510 65
243611 65
243712 65
243813 65
243914 65
244015 65
244116 65
244217 65
244318 65
244419 65
244520 65
244621 65
244722 65
244823 65
244924 65
245025 65
245126 65
245227 65
245328 65
245429 65
245530 65
245631 65
245732 65
245833 65
245934 65
246035 65
246136 65
246237 65
246338 65
246439 65
246540 65
246641 65
246742 65
246843 65
246944 65
247045 65
247146 65
247247 65
247348 65
247449 65
247550 65
247651 65
247752 65
247853 65
247954 65
248055 65
248156 65
248257 65
248358 65
248459 65
248560 65
248661 65
248762 65
248863 65
248964 65
249065 65
249166 65
249267 65
249368 65
249469 65
249570 65
249671 65
249772 65
249873 65
249974 65
250000 65
5 1
23 2
14 0
12 1
32 0
33 0
27 0
18 2
33 4
41 0
36 0
24 1
34 1
2 4
34 0
20 1
6 0
38 1
19 0
22 0
40 4
21 0
11 0
19 1
36 2
7 0
24 0
29 0
28 1
42 0
12 0
16 2
3 1
38 2
13 1
40 1
18 4
43 1
11 1
25 0
4 1
3 0
21 4
37 0
13 0
34 2
37 1
40 2
43 2
9 0
4 3
5 0
7 3
19 2
0 2
5 2
23 1
32 2
11 2
22 3
19 3
9 2
15 1
23 4
16 1
33 1
0 1
42 1
15 4
25 3
40 0
42 2
25 2
43 4
16 0
38 0
21 1
32 1
1 0
31 0
25 1
11 3
39 1
15 2
43 0
42 3
15 0
9 1
28 2
30 1
0 0
18 3
7 2
1 1
23 3
30 0
5 4
24 2
7 1
29 3
